
Microsoft Visual Studio Solution File, Format Version 12.00
# Visual Studio 15
VisualStudioVersion = 15.0.27130.2036
MinimumVisualStudioVersion = 10.0.40219.1
Project("{FAE04EC0-301F-11D3-BF4B-00C04F79EFBC}") = "LearnWithMentor", "LearnWithMentor\LearnWithMentor.csproj", "{B3457BCC-EDFD-45BF-B335-F18456250502}"
EndProject
Project("{FAE04EC0-301F-11D3-BF4B-00C04F79EFBC}") = "LearnWithMentorBLL", "LearnWithMentorBLL\LearnWithMentorBLL.csproj", "{808EDD74-2D6F-4E62-8997-0FC17033B243}"
EndProject
Project("{FAE04EC0-301F-11D3-BF4B-00C04F79EFBC}") = "LearnWithMentorDTO", "LearnWithMentorDTO\LearnWithMentorDTO.csproj", "{2FC0C932-6883-4D97-B516-3623BDE9222B}"
EndProject
Project("{FAE04EC0-301F-11D3-BF4B-00C04F79EFBC}") = "LearnWithMentorDAL", "LearnWithMentorDAL\LearnWithMentorDAL.csproj", "{A64146DA-5D32-4CF9-BD7A-0918284822E0}"
EndProject
Project("{FAE04EC0-301F-11D3-BF4B-00C04F79EFBC}") = "LearnWithMentor.Tests", "LearnWithMentor.Tests\LearnWithMentor.Tests.csproj", "{3F135401-488A-4BFC-BCC4-66F72E227CCA}"
EndProject
Project("{00D1A9C2-B5F0-4AF3-8072-F6C62B433612}") = "LearnWithMentor.DB", "LearnWithMentor.DB\LearnWithMentor.DB.sqlproj", "{9C00F8AF-AF0D-4021-992B-ED7B74CE380A}"
EndProject
Global
	GlobalSection(SolutionConfigurationPlatforms) = preSolution
		Debug|Any CPU = Debug|Any CPU
		Debug|ARM = Debug|ARM
		Debug|x64 = Debug|x64
		Debug|x86 = Debug|x86
		Release|Any CPU = Release|Any CPU
		Release|ARM = Release|ARM
		Release|x64 = Release|x64
		Release|x86 = Release|x86
	EndGlobalSection
	GlobalSection(ProjectConfigurationPlatforms) = postSolution
		{B3457BCC-EDFD-45BF-B335-F18456250502}.Debug|Any CPU.ActiveCfg = Debug|Any CPU
		{B3457BCC-EDFD-45BF-B335-F18456250502}.Debug|Any CPU.Build.0 = Debug|Any CPU
		{B3457BCC-EDFD-45BF-B335-F18456250502}.Debug|ARM.ActiveCfg = Debug|Any CPU
		{B3457BCC-EDFD-45BF-B335-F18456250502}.Debug|ARM.Build.0 = Debug|Any CPU
		{B3457BCC-EDFD-45BF-B335-F18456250502}.Debug|x64.ActiveCfg = Debug|Any CPU
		{B3457BCC-EDFD-45BF-B335-F18456250502}.Debug|x64.Build.0 = Debug|Any CPU
		{B3457BCC-EDFD-45BF-B335-F18456250502}.Debug|x86.ActiveCfg = Debug|Any CPU
		{B3457BCC-EDFD-45BF-B335-F18456250502}.Debug|x86.Build.0 = Debug|Any CPU
		{B3457BCC-EDFD-45BF-B335-F18456250502}.Release|Any CPU.ActiveCfg = Release|Any CPU
		{B3457BCC-EDFD-45BF-B335-F18456250502}.Release|Any CPU.Build.0 = Release|Any CPU
		{B3457BCC-EDFD-45BF-B335-F18456250502}.Release|ARM.ActiveCfg = Release|Any CPU
		{B3457BCC-EDFD-45BF-B335-F18456250502}.Release|ARM.Build.0 = Release|Any CPU
		{B3457BCC-EDFD-45BF-B335-F18456250502}.Release|x64.ActiveCfg = Release|Any CPU
		{B3457BCC-EDFD-45BF-B335-F18456250502}.Release|x64.Build.0 = Release|Any CPU
		{B3457BCC-EDFD-45BF-B335-F18456250502}.Release|x86.ActiveCfg = Release|Any CPU
		{B3457BCC-EDFD-45BF-B335-F18456250502}.Release|x86.Build.0 = Release|Any CPU
		{808EDD74-2D6F-4E62-8997-0FC17033B243}.Debug|Any CPU.ActiveCfg = Debug|Any CPU
		{808EDD74-2D6F-4E62-8997-0FC17033B243}.Debug|Any CPU.Build.0 = Debug|Any CPU
		{808EDD74-2D6F-4E62-8997-0FC17033B243}.Debug|ARM.ActiveCfg = Debug|Any CPU
		{808EDD74-2D6F-4E62-8997-0FC17033B243}.Debug|ARM.Build.0 = Debug|Any CPU
		{808EDD74-2D6F-4E62-8997-0FC17033B243}.Debug|x64.ActiveCfg = Debug|Any CPU
		{808EDD74-2D6F-4E62-8997-0FC17033B243}.Debug|x64.Build.0 = Debug|Any CPU
		{808EDD74-2D6F-4E62-8997-0FC17033B243}.Debug|x86.ActiveCfg = Debug|Any CPU
		{808EDD74-2D6F-4E62-8997-0FC17033B243}.Debug|x86.Build.0 = Debug|Any CPU
		{808EDD74-2D6F-4E62-8997-0FC17033B243}.Release|Any CPU.ActiveCfg = Release|Any CPU
		{808EDD74-2D6F-4E62-8997-0FC17033B243}.Release|Any CPU.Build.0 = Release|Any CPU
		{808EDD74-2D6F-4E62-8997-0FC17033B243}.Release|ARM.ActiveCfg = Release|Any CPU
		{808EDD74-2D6F-4E62-8997-0FC17033B243}.Release|ARM.Build.0 = Release|Any CPU
		{808EDD74-2D6F-4E62-8997-0FC17033B243}.Release|x64.ActiveCfg = Release|Any CPU
		{808EDD74-2D6F-4E62-8997-0FC17033B243}.Release|x64.Build.0 = Release|Any CPU
		{808EDD74-2D6F-4E62-8997-0FC17033B243}.Release|x86.ActiveCfg = Release|Any CPU
		{808EDD74-2D6F-4E62-8997-0FC17033B243}.Release|x86.Build.0 = Release|Any CPU
		{2FC0C932-6883-4D97-B516-3623BDE9222B}.Debug|Any CPU.ActiveCfg = Debug|Any CPU
		{2FC0C932-6883-4D97-B516-3623BDE9222B}.Debug|Any CPU.Build.0 = Debug|Any CPU
		{2FC0C932-6883-4D97-B516-3623BDE9222B}.Debug|ARM.ActiveCfg = Debug|Any CPU
		{2FC0C932-6883-4D97-B516-3623BDE9222B}.Debug|ARM.Build.0 = Debug|Any CPU
		{2FC0C932-6883-4D97-B516-3623BDE9222B}.Debug|x64.ActiveCfg = Debug|Any CPU
		{2FC0C932-6883-4D97-B516-3623BDE9222B}.Debug|x64.Build.0 = Debug|Any CPU
		{2FC0C932-6883-4D97-B516-3623BDE9222B}.Debug|x86.ActiveCfg = Debug|Any CPU
		{2FC0C932-6883-4D97-B516-3623BDE9222B}.Debug|x86.Build.0 = Debug|Any CPU
		{2FC0C932-6883-4D97-B516-3623BDE9222B}.Release|Any CPU.ActiveCfg = Release|Any CPU
		{2FC0C932-6883-4D97-B516-3623BDE9222B}.Release|Any CPU.Build.0 = Release|Any CPU
		{2FC0C932-6883-4D97-B516-3623BDE9222B}.Release|ARM.ActiveCfg = Release|Any CPU
		{2FC0C932-6883-4D97-B516-3623BDE9222B}.Release|ARM.Build.0 = Release|Any CPU
		{2FC0C932-6883-4D97-B516-3623BDE9222B}.Release|x64.ActiveCfg = Release|Any CPU
		{2FC0C932-6883-4D97-B516-3623BDE9222B}.Release|x64.Build.0 = Release|Any CPU
		{2FC0C932-6883-4D97-B516-3623BDE9222B}.Release|x86.ActiveCfg = Release|Any CPU
		{2FC0C932-6883-4D97-B516-3623BDE9222B}.Release|x86.Build.0 = Release|Any CPU
		{A64146DA-5D32-4CF9-BD7A-0918284822E0}.Debug|Any CPU.ActiveCfg = Debug|Any CPU
		{A64146DA-5D32-4CF9-BD7A-0918284822E0}.Debug|Any CPU.Build.0 = Debug|Any CPU
		{A64146DA-5D32-4CF9-BD7A-0918284822E0}.Debug|ARM.ActiveCfg = Debug|Any CPU
		{A64146DA-5D32-4CF9-BD7A-0918284822E0}.Debug|ARM.Build.0 = Debug|Any CPU
		{A64146DA-5D32-4CF9-BD7A-0918284822E0}.Debug|x64.ActiveCfg = Debug|Any CPU
		{A64146DA-5D32-4CF9-BD7A-0918284822E0}.Debug|x64.Build.0 = Debug|Any CPU
		{A64146DA-5D32-4CF9-BD7A-0918284822E0}.Debug|x86.ActiveCfg = Debug|Any CPU
		{A64146DA-5D32-4CF9-BD7A-0918284822E0}.Debug|x86.Build.0 = Debug|Any CPU
		{A64146DA-5D32-4CF9-BD7A-0918284822E0}.Release|Any CPU.ActiveCfg = Release|Any CPU
		{A64146DA-5D32-4CF9-BD7A-0918284822E0}.Release|Any CPU.Build.0 = Release|Any CPU
		{A64146DA-5D32-4CF9-BD7A-0918284822E0}.Release|ARM.ActiveCfg = Release|Any CPU
		{A64146DA-5D32-4CF9-BD7A-0918284822E0}.Release|ARM.Build.0 = Release|Any CPU
		{A64146DA-5D32-4CF9-BD7A-0918284822E0}.Release|x64.ActiveCfg = Release|Any CPU
		{A64146DA-5D32-4CF9-BD7A-0918284822E0}.Release|x64.Build.0 = Release|Any CPU
		{A64146DA-5D32-4CF9-BD7A-0918284822E0}.Release|x86.ActiveCfg = Release|Any CPU
		{A64146DA-5D32-4CF9-BD7A-0918284822E0}.Release|x86.Build.0 = Release|Any CPU
		{3F135401-488A-4BFC-BCC4-66F72E227CCA}.Debug|Any CPU.ActiveCfg = Debug|Any CPU
		{3F135401-488A-4BFC-BCC4-66F72E227CCA}.Debug|Any CPU.Build.0 = Debug|Any CPU
		{3F135401-488A-4BFC-BCC4-66F72E227CCA}.Debug|ARM.ActiveCfg = Debug|Any CPU
		{3F135401-488A-4BFC-BCC4-66F72E227CCA}.Debug|ARM.Build.0 = Debug|Any CPU
		{3F135401-488A-4BFC-BCC4-66F72E227CCA}.Debug|x64.ActiveCfg = Debug|Any CPU
		{3F135401-488A-4BFC-BCC4-66F72E227CCA}.Debug|x64.Build.0 = Debug|Any CPU
		{3F135401-488A-4BFC-BCC4-66F72E227CCA}.Debug|x86.ActiveCfg = Debug|Any CPU
		{3F135401-488A-4BFC-BCC4-66F72E227CCA}.Debug|x86.Build.0 = Debug|Any CPU
		{3F135401-488A-4BFC-BCC4-66F72E227CCA}.Release|Any CPU.ActiveCfg = Release|Any CPU
		{3F135401-488A-4BFC-BCC4-66F72E227CCA}.Release|Any CPU.Build.0 = Release|Any CPU
		{3F135401-488A-4BFC-BCC4-66F72E227CCA}.Release|ARM.ActiveCfg = Release|Any CPU
		{3F135401-488A-4BFC-BCC4-66F72E227CCA}.Release|ARM.Build.0 = Release|Any CPU
		{3F135401-488A-4BFC-BCC4-66F72E227CCA}.Release|x64.ActiveCfg = Release|Any CPU
		{3F135401-488A-4BFC-BCC4-66F72E227CCA}.Release|x64.Build.0 = Release|Any CPU
		{3F135401-488A-4BFC-BCC4-66F72E227CCA}.Release|x86.ActiveCfg = Release|Any CPU
		{3F135401-488A-4BFC-BCC4-66F72E227CCA}.Release|x86.Build.0 = Release|Any CPU
		{9C00F8AF-AF0D-4021-992B-ED7B74CE380A}.Debug|Any CPU.ActiveCfg = Debug|Any CPU
		{9C00F8AF-AF0D-4021-992B-ED7B74CE380A}.Debug|Any CPU.Build.0 = Debug|Any CPU
		{9C00F8AF-AF0D-4021-992B-ED7B74CE380A}.Debug|Any CPU.Deploy.0 = Debug|Any CPU
		{9C00F8AF-AF0D-4021-992B-ED7B74CE380A}.Debug|ARM.ActiveCfg = Debug|Any CPU
		{9C00F8AF-AF0D-4021-992B-ED7B74CE380A}.Debug|ARM.Build.0 = Debug|Any CPU
		{9C00F8AF-AF0D-4021-992B-ED7B74CE380A}.Debug|ARM.Deploy.0 = Debug|Any CPU
		{9C00F8AF-AF0D-4021-992B-ED7B74CE380A}.Debug|x64.ActiveCfg = Debug|Any CPU
		{9C00F8AF-AF0D-4021-992B-ED7B74CE380A}.Debug|x64.Build.0 = Debug|Any CPU
		{9C00F8AF-AF0D-4021-992B-ED7B74CE380A}.Debug|x64.Deploy.0 = Debug|Any CPU
		{9C00F8AF-AF0D-4021-992B-ED7B74CE380A}.Debug|x86.ActiveCfg = Debug|Any CPU
		{9C00F8AF-AF0D-4021-992B-ED7B74CE380A}.Debug|x86.Build.0 = Debug|Any CPU
		{9C00F8AF-AF0D-4021-992B-ED7B74CE380A}.Debug|x86.Deploy.0 = Debug|Any CPU
		{9C00F8AF-AF0D-4021-992B-ED7B74CE380A}.Release|Any CPU.ActiveCfg = Release|Any CPU
		{9C00F8AF-AF0D-4021-992B-ED7B74CE380A}.Release|Any CPU.Build.0 = Release|Any CPU
		{9C00F8AF-AF0D-4021-992B-ED7B74CE380A}.Release|Any CPU.Deploy.0 = Release|Any CPU
		{9C00F8AF-AF0D-4021-992B-ED7B74CE380A}.Release|ARM.ActiveCfg = Release|Any CPU
		{9C00F8AF-AF0D-4021-992B-ED7B74CE380A}.Release|ARM.Build.0 = Release|Any CPU
		{9C00F8AF-AF0D-4021-992B-ED7B74CE380A}.Release|ARM.Deploy.0 = Release|Any CPU
		{9C00F8AF-AF0D-4021-992B-ED7B74CE380A}.Release|x64.ActiveCfg = Release|Any CPU
		{9C00F8AF-AF0D-4021-992B-ED7B74CE380A}.Release|x64.Build.0 = Release|Any CPU
		{9C00F8AF-AF0D-4021-992B-ED7B74CE380A}.Release|x64.Deploy.0 = Release|Any CPU
		{9C00F8AF-AF0D-4021-992B-ED7B74CE380A}.Release|x86.ActiveCfg = Release|Any CPU
		{9C00F8AF-AF0D-4021-992B-ED7B74CE380A}.Release|x86.Build.0 = Release|Any CPU
		{9C00F8AF-AF0D-4021-992B-ED7B74CE380A}.Release|x86.Deploy.0 = Release|Any CPU
	EndGlobalSection
	GlobalSection(SolutionProperties) = preSolution
		HideSolutionNode = FALSE
	EndGlobalSection
	GlobalSection(ExtensibilityGlobals) = postSolution
		SolutionGuid = {3543A8A9-B4B6-4EEC-850A-C6ED3E3359CF}
	EndGlobalSection
EndGlobal
